
Microsoft Visual Studio Solution File, Format Version 12.00
# Visual Studio 15
VisualStudioVersion = 15.0.26730.12
MinimumVisualStudioVersion = 10.0.40219.1
Project("{9A19103F-16F7-4668-BE54-9A1E7A4F7556}") = "Logic", "SoftArch1\Logic.csproj", "{C0D3D00C-FB2E-436E-8B2C-354980DCF13B}"
EndProject
Project("{FAE04EC0-301F-11D3-BF4B-00C04F79EFBC}") = "WorkWithConsole", "WorkWithConsole\WorkWithConsole.csproj", "{DA717FDA-9F5D-4EB7-88A2-82211088655D}"
EndProject
Global
	GlobalSection(SolutionConfigurationPlatforms) = preSolution
		Debug|Any CPU = Debug|Any CPU
		Release|Any CPU = Release|Any CPU
	EndGlobalSection
	GlobalSection(ProjectConfigurationPlatforms) = postSolution
		{C0D3D00C-FB2E-436E-8B2C-354980DCF13B}.Debug|Any CPU.ActiveCfg = Debug|Any CPU
		{C0D3D00C-FB2E-436E-8B2C-354980DCF13B}.Debug|Any CPU.Build.0 = Debug|Any CPU
		{C0D3D00C-FB2E-436E-8B2C-354980DCF13B}.Release|Any CPU.ActiveCfg = Release|Any CPU
		{C0D3D00C-FB2E-436E-8B2C-354980DCF13B}.Release|Any CPU.Build.0 = Release|Any CPU
		{DA717FDA-9F5D-4EB7-88A2-82211088655D}.Debug|Any CPU.ActiveCfg = Debug|Any CPU
		{DA717FDA-9F5D-4EB7-88A2-82211088655D}.Debug|Any CPU.Build.0 = Debug|Any CPU
		{DA717FDA-9F5D-4EB7-88A2-82211088655D}.Release|Any CPU.ActiveCfg = Release|Any CPU
		{DA717FDA-9F5D-4EB7-88A2-82211088655D}.Release|Any CPU.Build.0 = Release|Any CPU
	EndGlobalSection
	GlobalSection(SolutionProperties) = preSolution
		HideSolutionNode = FALSE
	EndGlobalSection
	GlobalSection(ExtensibilityGlobals) = postSolution
		SolutionGuid = {C89EBB01-F644-4C7C-AEAB-B9143C781130}
	EndGlobalSection
EndGlobal
